
Microsoft Visual Studio Solution File, Format Version 12.00
# Visual Studio Version 16
VisualStudioVersion = 16.0.31005.135
MinimumVisualStudioVersion = 10.0.40219.1
Project("{8BC9CEB8-8B4A-11D0-8D11-00A0C91BC942}") = "PhyExeCode", "PhyExeCode.vcxproj", "{B314E838-A898-4730-BB58-33DB7F75A5AE}"
EndProject
Global
	GlobalSection(SolutionConfigurationPlatforms) = preSolution
		Debug|x64 = Debug|x64
		Debug|x86 = Debug|x86
		Release|x64 = Release|x64
		Release|x86 = Release|x86
	EndGlobalSection
	GlobalSection(ProjectConfigurationPlatforms) = postSolution
		{B314E838-A898-4730-BB58-33DB7F75A5AE}.Debug|x64.ActiveCfg = Debug|x64
		{B314E838-A898-4730-BB58-33DB7F75A5AE}.Debug|x64.Build.0 = Debug|x64
		{B314E838-A898-4730-BB58-33DB7F75A5AE}.Debug|x86.ActiveCfg = Debug|Win32
		{B314E838-A898-4730-BB58-33DB7F75A5AE}.Debug|x86.Build.0 = Debug|Win32
		{B314E838-A898-4730-BB58-33DB7F75A5AE}.Release|x64.ActiveCfg = Release|x64
		{B314E838-A898-4730-BB58-33DB7F75A5AE}.Release|x64.Build.0 = Release|x64
		{B314E838-A898-4730-BB58-33DB7F75A5AE}.Release|x86.ActiveCfg = Release|Win32
		{B314E838-A898-4730-BB58-33DB7F75A5AE}.Release|x86.Build.0 = Release|Win32
	EndGlobalSection
	GlobalSection(SolutionProperties) = preSolution
		HideSolutionNode = FALSE
	EndGlobalSection
	GlobalSection(ExtensibilityGlobals) = postSolution
		SolutionGuid = {9A20FC66-FA1B-41F5-A93B-2D9B731E581C}
	EndGlobalSection
EndGlobal
